// !$*UTF8*$!
{
	archiveVersion = 1;
	classes = {
	};
	objectVersion = 56;
	objects = {

/* Begin PBXBuildFile section */
		AC0C44C429852B92001618A5 /* TaskItemView.swift in Sources */ = {isa = PBXBuildFile; fileRef = AC0C44C329852B92001618A5 /* TaskItemView.swift */; };
		AC458659297173670014A3E5 /* MyHabitAppApp.swift in Sources */ = {isa = PBXBuildFile; fileRef = AC458658297173670014A3E5 /* MyHabitAppApp.swift */; };
		AC45865B297173670014A3E5 /* ContentView.swift in Sources */ = {isa = PBXBuildFile; fileRef = AC45865A297173670014A3E5 /* ContentView.swift */; };
		AC45865D297173690014A3E5 /* Assets.xcassets in Resources */ = {isa = PBXBuildFile; fileRef = AC45865C297173690014A3E5 /* Assets.xcassets */; };
		AC458660297173690014A3E5 /* Preview Assets.xcassets in Resources */ = {isa = PBXBuildFile; fileRef = AC45865F297173690014A3E5 /* Preview Assets.xcassets */; };
		AC458662297173690014A3E5 /* Persistence.swift in Sources */ = {isa = PBXBuildFile; fileRef = AC458661297173690014A3E5 /* Persistence.swift */; };
		AC458665297173690014A3E5 /* MyHabitApp.xcdatamodeld in Sources */ = {isa = PBXBuildFile; fileRef = AC458663297173690014A3E5 /* MyHabitApp.xcdatamodeld */; };
		AC45866F297173690014A3E5 /* MyHabitAppTests.swift in Sources */ = {isa = PBXBuildFile; fileRef = AC45866E297173690014A3E5 /* MyHabitAppTests.swift */; };
		AC458679297173690014A3E5 /* MyHabitAppUITests.swift in Sources */ = {isa = PBXBuildFile; fileRef = AC458678297173690014A3E5 /* MyHabitAppUITests.swift */; };
		AC45867B297173690014A3E5 /* MyHabitAppUITestsLaunchTests.swift in Sources */ = {isa = PBXBuildFile; fileRef = AC45867A297173690014A3E5 /* MyHabitAppUITestsLaunchTests.swift */; };
		AC458689297175240014A3E5 /* HomeView.swift in Sources */ = {isa = PBXBuildFile; fileRef = AC458688297175240014A3E5 /* HomeView.swift */; };
		AC45868B297176620014A3E5 /* AddNewTask.swift in Sources */ = {isa = PBXBuildFile; fileRef = AC45868A297176620014A3E5 /* AddNewTask.swift */; };
		AC61F10129751DC80003C42E /* TaskViewModel.swift in Sources */ = {isa = PBXBuildFile; fileRef = AC61F10029751DC80003C42E /* TaskViewModel.swift */; };
		AC61F103297552640003C42E /* AddBottomSelectionSheet.swift in Sources */ = {isa = PBXBuildFile; fileRef = AC61F102297552640003C42E /* AddBottomSelectionSheet.swift */; };
		AC61F10529755E5A0003C42E /* TabView.swift in Sources */ = {isa = PBXBuildFile; fileRef = AC61F10429755E5A0003C42E /* TabView.swift */; };
		ACC1E58A2980FB98009F09C1 /* AddCategory.swift in Sources */ = {isa = PBXBuildFile; fileRef = ACC1E5892980FB98009F09C1 /* AddCategory.swift */; };
		ACC1E58D2980FBB3009F09C1 /* CategoryViewModel.swift in Sources */ = {isa = PBXBuildFile; fileRef = ACC1E58C2980FBB3009F09C1 /* CategoryViewModel.swift */; };
		ACC1E58F2980FEBA009F09C1 /* DisplayCategoryView.swift in Sources */ = {isa = PBXBuildFile; fileRef = ACC1E58E2980FEBA009F09C1 /* DisplayCategoryView.swift */; };
		ACC1E59429810D16009F09C1 /* Category.swift in Sources */ = {isa = PBXBuildFile; fileRef = ACC1E59329810D16009F09C1 /* Category.swift */; };
		ACC1E59629810D25009F09C1 /* Color.swift in Sources */ = {isa = PBXBuildFile; fileRef = ACC1E59529810D25009F09C1 /* Color.swift */; };
		ACC1E59829810D45009F09C1 /* PersistenceController.swift in Sources */ = {isa = PBXBuildFile; fileRef = ACC1E59729810D45009F09C1 /* PersistenceController.swift */; };
		ACC1E59A29810E78009F09C1 /* CategoryIconView.swift in Sources */ = {isa = PBXBuildFile; fileRef = ACC1E59929810E78009F09C1 /* CategoryIconView.swift */; };
		ACC1E59C29810F15009F09C1 /* CardView.swift in Sources */ = {isa = PBXBuildFile; fileRef = ACC1E59B29810F15009F09C1 /* CardView.swift */; };
		ACE995402977D68000CB52AE /* CoreDataManager.swift in Sources */ = {isa = PBXBuildFile; fileRef = ACE9953F2977D68000CB52AE /* CoreDataManager.swift */; };
/* End PBXBuildFile section */

/* Begin PBXContainerItemProxy section */
		AC45866B297173690014A3E5 /* PBXContainerItemProxy */ = {
			isa = PBXContainerItemProxy;
			containerPortal = AC45864D297173670014A3E5 /* Project object */;
			proxyType = 1;
			remoteGlobalIDString = AC458654297173670014A3E5;
			remoteInfo = MyHabitApp;
		};
		AC458675297173690014A3E5 /* PBXContainerItemProxy */ = {
			isa = PBXContainerItemProxy;
			containerPortal = AC45864D297173670014A3E5 /* Project object */;
			proxyType = 1;
			remoteGlobalIDString = AC458654297173670014A3E5;
			remoteInfo = MyHabitApp;
		};
/* End PBXContainerItemProxy section */

/* Begin PBXFileReference section */
		AC0C44C329852B92001618A5 /* TaskItemView.swift */ = {isa = PBXFileReference; lastKnownFileType = sourcecode.swift; path = TaskItemView.swift; sourceTree = "<group>"; };
		AC458655297173670014A3E5 /* MyHabitApp.app */ = {isa = PBXFileReference; explicitFileType = wrapper.application; includeInIndex = 0; path = MyHabitApp.app; sourceTree = BUILT_PRODUCTS_DIR; };
		AC458658297173670014A3E5 /* MyHabitAppApp.swift */ = {isa = PBXFileReference; lastKnownFileType = sourcecode.swift; path = MyHabitAppApp.swift; sourceTree = "<group>"; };
		AC45865A297173670014A3E5 /* ContentView.swift */ = {isa = PBXFileReference; lastKnownFileType = sourcecode.swift; path = ContentView.swift; sourceTree = "<group>"; };
		AC45865C297173690014A3E5 /* Assets.xcassets */ = {isa = PBXFileReference; lastKnownFileType = folder.assetcatalog; path = Assets.xcassets; sourceTree = "<group>"; };
		AC45865F297173690014A3E5 /* Preview Assets.xcassets */ = {isa = PBXFileReference; lastKnownFileType = folder.assetcatalog; path = "Preview Assets.xcassets"; sourceTree = "<group>"; };
		AC458661297173690014A3E5 /* Persistence.swift */ = {isa = PBXFileReference; lastKnownFileType = sourcecode.swift; path = Persistence.swift; sourceTree = "<group>"; wrapsLines = 0; };
		AC458664297173690014A3E5 /* MyHabitApp.xcdatamodel */ = {isa = PBXFileReference; lastKnownFileType = wrapper.xcdatamodel; path = MyHabitApp.xcdatamodel; sourceTree = "<group>"; };
		AC45866A297173690014A3E5 /* MyHabitAppTests.xctest */ = {isa = PBXFileReference; explicitFileType = wrapper.cfbundle; includeInIndex = 0; path = MyHabitAppTests.xctest; sourceTree = BUILT_PRODUCTS_DIR; };
		AC45866E297173690014A3E5 /* MyHabitAppTests.swift */ = {isa = PBXFileReference; lastKnownFileType = sourcecode.swift; path = MyHabitAppTests.swift; sourceTree = "<group>"; };
		AC458674297173690014A3E5 /* MyHabitAppUITests.xctest */ = {isa = PBXFileReference; explicitFileType = wrapper.cfbundle; includeInIndex = 0; path = MyHabitAppUITests.xctest; sourceTree = BUILT_PRODUCTS_DIR; };
		AC458678297173690014A3E5 /* MyHabitAppUITests.swift */ = {isa = PBXFileReference; lastKnownFileType = sourcecode.swift; path = MyHabitAppUITests.swift; sourceTree = "<group>"; };
		AC45867A297173690014A3E5 /* MyHabitAppUITestsLaunchTests.swift */ = {isa = PBXFileReference; lastKnownFileType = sourcecode.swift; path = MyHabitAppUITestsLaunchTests.swift; sourceTree = "<group>"; };
		AC458688297175240014A3E5 /* HomeView.swift */ = {isa = PBXFileReference; lastKnownFileType = sourcecode.swift; path = HomeView.swift; sourceTree = "<group>"; };
		AC45868A297176620014A3E5 /* AddNewTask.swift */ = {isa = PBXFileReference; lastKnownFileType = sourcecode.swift; path = AddNewTask.swift; sourceTree = "<group>"; };
		AC61F10029751DC80003C42E /* TaskViewModel.swift */ = {isa = PBXFileReference; lastKnownFileType = sourcecode.swift; path = TaskViewModel.swift; sourceTree = "<group>"; };
		AC61F102297552640003C42E /* AddBottomSelectionSheet.swift */ = {isa = PBXFileReference; lastKnownFileType = sourcecode.swift; path = AddBottomSelectionSheet.swift; sourceTree = "<group>"; };
		AC61F10429755E5A0003C42E /* TabView.swift */ = {isa = PBXFileReference; lastKnownFileType = sourcecode.swift; path = TabView.swift; sourceTree = "<group>"; };
		ACC1E5892980FB98009F09C1 /* AddCategory.swift */ = {isa = PBXFileReference; lastKnownFileType = sourcecode.swift; path = AddCategory.swift; sourceTree = "<group>"; };
		ACC1E58C2980FBB3009F09C1 /* CategoryViewModel.swift */ = {isa = PBXFileReference; lastKnownFileType = sourcecode.swift; path = CategoryViewModel.swift; sourceTree = "<group>"; };
		ACC1E58E2980FEBA009F09C1 /* DisplayCategoryView.swift */ = {isa = PBXFileReference; lastKnownFileType = sourcecode.swift; path = DisplayCategoryView.swift; sourceTree = "<group>"; };
		ACC1E59329810D16009F09C1 /* Category.swift */ = {isa = PBXFileReference; lastKnownFileType = sourcecode.swift; path = Category.swift; sourceTree = "<group>"; };
		ACC1E59529810D25009F09C1 /* Color.swift */ = {isa = PBXFileReference; lastKnownFileType = sourcecode.swift; path = Color.swift; sourceTree = "<group>"; };
		ACC1E59729810D45009F09C1 /* PersistenceController.swift */ = {isa = PBXFileReference; lastKnownFileType = sourcecode.swift; path = PersistenceController.swift; sourceTree = "<group>"; };
		ACC1E59929810E78009F09C1 /* CategoryIconView.swift */ = {isa = PBXFileReference; lastKnownFileType = sourcecode.swift; path = CategoryIconView.swift; sourceTree = "<group>"; };
		ACC1E59B29810F15009F09C1 /* CardView.swift */ = {isa = PBXFileReference; lastKnownFileType = sourcecode.swift; path = CardView.swift; sourceTree = "<group>"; };
		ACE9953F2977D68000CB52AE /* CoreDataManager.swift */ = {isa = PBXFileReference; lastKnownFileType = sourcecode.swift; path = CoreDataManager.swift; sourceTree = "<group>"; };
/* End PBXFileReference section */

/* Begin PBXFrameworksBuildPhase section */
		AC458652297173670014A3E5 /* Frameworks */ = {
			isa = PBXFrameworksBuildPhase;
			buildActionMask = 2147483647;
			files = (
			);
			runOnlyForDeploymentPostprocessing = 0;
		};
		AC458667297173690014A3E5 /* Frameworks */ = {
			isa = PBXFrameworksBuildPhase;
			buildActionMask = 2147483647;
			files = (
			);
			runOnlyForDeploymentPostprocessing = 0;
		};
		AC458671297173690014A3E5 /* Frameworks */ = {
			isa = PBXFrameworksBuildPhase;
			buildActionMask = 2147483647;
			files = (
			);
			runOnlyForDeploymentPostprocessing = 0;
		};
/* End PBXFrameworksBuildPhase section */

/* Begin PBXGroup section */
		AC45864C297173670014A3E5 = {
			isa = PBXGroup;
			children = (
				AC458657297173670014A3E5 /* MyHabitApp */,
				AC45866D297173690014A3E5 /* MyHabitAppTests */,
				AC458677297173690014A3E5 /* MyHabitAppUITests */,
				AC458656297173670014A3E5 /* Products */,
			);
			sourceTree = "<group>";
		};
		AC458656297173670014A3E5 /* Products */ = {
			isa = PBXGroup;
			children = (
				AC458655297173670014A3E5 /* MyHabitApp.app */,
				AC45866A297173690014A3E5 /* MyHabitAppTests.xctest */,
				AC458674297173690014A3E5 /* MyHabitAppUITests.xctest */,
			);
			name = Products;
			sourceTree = "<group>";
		};
		AC458657297173670014A3E5 /* MyHabitApp */ = {
			isa = PBXGroup;
			children = (
				ACC1E59229810CFB009F09C1 /* Extension */,
				ACE9953E2977D66D00CB52AE /* Data */,
				AC45868C297176BD0014A3E5 /* ViewModel */,
				AC458687297175030014A3E5 /* View */,
				AC458658297173670014A3E5 /* MyHabitAppApp.swift */,
				AC45865A297173670014A3E5 /* ContentView.swift */,
				AC45865C297173690014A3E5 /* Assets.xcassets */,
				AC458661297173690014A3E5 /* Persistence.swift */,
				AC458663297173690014A3E5 /* MyHabitApp.xcdatamodeld */,
				AC45865E297173690014A3E5 /* Preview Content */,
			);
			path = MyHabitApp;
			sourceTree = "<group>";
		};
		AC45865E297173690014A3E5 /* Preview Content */ = {
			isa = PBXGroup;
			children = (
				AC45865F297173690014A3E5 /* Preview Assets.xcassets */,
			);
			path = "Preview Content";
			sourceTree = "<group>";
		};
		AC45866D297173690014A3E5 /* MyHabitAppTests */ = {
			isa = PBXGroup;
			children = (
				AC45866E297173690014A3E5 /* MyHabitAppTests.swift */,
			);
			path = MyHabitAppTests;
			sourceTree = "<group>";
		};
		AC458677297173690014A3E5 /* MyHabitAppUITests */ = {
			isa = PBXGroup;
			children = (
				AC458678297173690014A3E5 /* MyHabitAppUITests.swift */,
				AC45867A297173690014A3E5 /* MyHabitAppUITestsLaunchTests.swift */,
			);
			path = MyHabitAppUITests;
			sourceTree = "<group>";
		};
		AC458687297175030014A3E5 /* View */ = {
			isa = PBXGroup;
			children = (
				AC458688297175240014A3E5 /* HomeView.swift */,
				AC45868A297176620014A3E5 /* AddNewTask.swift */,
				AC61F102297552640003C42E /* AddBottomSelectionSheet.swift */,
				AC61F10429755E5A0003C42E /* TabView.swift */,
				ACC1E5892980FB98009F09C1 /* AddCategory.swift */,
				ACC1E58E2980FEBA009F09C1 /* DisplayCategoryView.swift */,
				ACC1E59929810E78009F09C1 /* CategoryIconView.swift */,
				ACC1E59B29810F15009F09C1 /* CardView.swift */,
				AC0C44C329852B92001618A5 /* TaskItemView.swift */,
			);
			path = View;
			sourceTree = "<group>";
		};
		AC45868C297176BD0014A3E5 /* ViewModel */ = {
			isa = PBXGroup;
			children = (
				AC61F10029751DC80003C42E /* TaskViewModel.swift */,
				ACC1E58C2980FBB3009F09C1 /* CategoryViewModel.swift */,
			);
			path = ViewModel;
			sourceTree = "<group>";
		};
		ACC1E59229810CFB009F09C1 /* Extension */ = {
			isa = PBXGroup;
			children = (
				ACC1E59329810D16009F09C1 /* Category.swift */,
				ACC1E59529810D25009F09C1 /* Color.swift */,
				ACC1E59729810D45009F09C1 /* PersistenceController.swift */,
			);
			path = Extension;
			sourceTree = "<group>";
		};
		ACE9953E2977D66D00CB52AE /* Data */ = {
			isa = PBXGroup;
			children = (
				ACE9953F2977D68000CB52AE /* CoreDataManager.swift */,
			);
			path = Data;
			sourceTree = "<group>";
		};
/* End PBXGroup section */

/* Begin PBXNativeTarget section */
		AC458654297173670014A3E5 /* MyHabitApp */ = {
			isa = PBXNativeTarget;
			buildConfigurationList = AC45867E297173690014A3E5 /* Build configuration list for PBXNativeTarget "MyHabitApp" */;
			buildPhases = (
				AC458651297173670014A3E5 /* Sources */,
				AC458652297173670014A3E5 /* Frameworks */,
				AC458653297173670014A3E5 /* Resources */,
			);
			buildRules = (
			);
			dependencies = (
			);
			name = MyHabitApp;
			productName = MyHabitApp;
			productReference = AC458655297173670014A3E5 /* MyHabitApp.app */;
			productType = "com.apple.product-type.application";
		};
		AC458669297173690014A3E5 /* MyHabitAppTests */ = {
			isa = PBXNativeTarget;
			buildConfigurationList = AC458681297173690014A3E5 /* Build configuration list for PBXNativeTarget "MyHabitAppTests" */;
			buildPhases = (
				AC458666297173690014A3E5 /* Sources */,
				AC458667297173690014A3E5 /* Frameworks */,
				AC458668297173690014A3E5 /* Resources */,
			);
			buildRules = (
			);
			dependencies = (
				AC45866C297173690014A3E5 /* PBXTargetDependency */,
			);
			name = MyHabitAppTests;
			productName = MyHabitAppTests;
			productReference = AC45866A297173690014A3E5 /* MyHabitAppTests.xctest */;
			productType = "com.apple.product-type.bundle.unit-test";
		};
		AC458673297173690014A3E5 /* MyHabitAppUITests */ = {
			isa = PBXNativeTarget;
			buildConfigurationList = AC458684297173690014A3E5 /* Build configuration list for PBXNativeTarget "MyHabitAppUITests" */;
			buildPhases = (
				AC458670297173690014A3E5 /* Sources */,
				AC458671297173690014A3E5 /* Frameworks */,
				AC458672297173690014A3E5 /* Resources */,
			);
			buildRules = (
			);
			dependencies = (
				AC458676297173690014A3E5 /* PBXTargetDependency */,
			);
			name = MyHabitAppUITests;
			productName = MyHabitAppUITests;
			productReference = AC458674297173690014A3E5 /* MyHabitAppUITests.xctest */;
			productType = "com.apple.product-type.bundle.ui-testing";
		};
/* End PBXNativeTarget section */

/* Begin PBXProject section */
		AC45864D297173670014A3E5 /* Project object */ = {
			isa = PBXProject;
			attributes = {
				BuildIndependentTargetsInParallel = 1;
				LastSwiftUpdateCheck = 1410;
				LastUpgradeCheck = 1410;
				TargetAttributes = {
					AC458654297173670014A3E5 = {
						CreatedOnToolsVersion = 14.1;
					};
					AC458669297173690014A3E5 = {
						CreatedOnToolsVersion = 14.1;
						TestTargetID = AC458654297173670014A3E5;
					};
					AC458673297173690014A3E5 = {
						CreatedOnToolsVersion = 14.1;
						TestTargetID = AC458654297173670014A3E5;
					};
				};
			};
			buildConfigurationList = AC458650297173670014A3E5 /* Build configuration list for PBXProject "MyHabitApp" */;
			compatibilityVersion = "Xcode 14.0";
			developmentRegion = en;
			hasScannedForEncodings = 0;
			knownRegions = (
				en,
				Base,
			);
			mainGroup = AC45864C297173670014A3E5;
			productRefGroup = AC458656297173670014A3E5 /* Products */;
			projectDirPath = "";
			projectRoot = "";
			targets = (
				AC458654297173670014A3E5 /* MyHabitApp */,
				AC458669297173690014A3E5 /* MyHabitAppTests */,
				AC458673297173690014A3E5 /* MyHabitAppUITests */,
			);
		};
/* End PBXProject section */

/* Begin PBXResourcesBuildPhase section */
		AC458653297173670014A3E5 /* Resources */ = {
			isa = PBXResourcesBuildPhase;
			buildActionMask = 2147483647;
			files = (
				AC458660297173690014A3E5 /* Preview Assets.xcassets in Resources */,
				AC45865D297173690014A3E5 /* Assets.xcassets in Resources */,
			);
			runOnlyForDeploymentPostprocessing = 0;
		};
		AC458668297173690014A3E5 /* Resources */ = {
			isa = PBXResourcesBuildPhase;
			buildActionMask = 2147483647;
			files = (
			);
			runOnlyForDeploymentPostprocessing = 0;
		};
		AC458672297173690014A3E5 /* Resources */ = {
			isa = PBXResourcesBuildPhase;
			buildActionMask = 2147483647;
			files = (
			);
			runOnlyForDeploymentPostprocessing = 0;
		};
/* End PBXResourcesBuildPhase section */

/* Begin PBXSourcesBuildPhase section */
		AC458651297173670014A3E5 /* Sources */ = {
			isa = PBXSourcesBuildPhase;
			buildActionMask = 2147483647;
			files = (
				ACC1E59A29810E78009F09C1 /* CategoryIconView.swift in Sources */,
				AC458662297173690014A3E5 /* Persistence.swift in Sources */,
				AC61F10129751DC80003C42E /* TaskViewModel.swift in Sources */,
				AC45865B297173670014A3E5 /* ContentView.swift in Sources */,
				AC458665297173690014A3E5 /* MyHabitApp.xcdatamodeld in Sources */,
				ACC1E58D2980FBB3009F09C1 /* CategoryViewModel.swift in Sources */,
				ACE995402977D68000CB52AE /* CoreDataManager.swift in Sources */,
				ACC1E58F2980FEBA009F09C1 /* DisplayCategoryView.swift in Sources */,
				AC458689297175240014A3E5 /* HomeView.swift in Sources */,
				ACC1E59629810D25009F09C1 /* Color.swift in Sources */,
				ACC1E59C29810F15009F09C1 /* CardView.swift in Sources */,
				AC61F103297552640003C42E /* AddBottomSelectionSheet.swift in Sources */,
				AC458659297173670014A3E5 /* MyHabitAppApp.swift in Sources */,
				ACC1E58A2980FB98009F09C1 /* AddCategory.swift in Sources */,
				AC61F10529755E5A0003C42E /* TabView.swift in Sources */,
				AC45868B297176620014A3E5 /* AddNewTask.swift in Sources */,
				AC0C44C429852B92001618A5 /* TaskItemView.swift in Sources */,
				ACC1E59429810D16009F09C1 /* Category.swift in Sources */,
				ACC1E59829810D45009F09C1 /* PersistenceController.swift in Sources */,
			);
			runOnlyForDeploymentPostprocessing = 0;
		};
		AC458666297173690014A3E5 /* Sources */ = {
			isa = PBXSourcesBuildPhase;
			buildActionMask = 2147483647;
			files = (
				AC45866F297173690014A3E5 /* MyHabitAppTests.swift in Sources */,
			);
			runOnlyForDeploymentPostprocessing = 0;
		};
		AC458670297173690014A3E5 /* Sources */ = {
			isa = PBXSourcesBuildPhase;
			buildActionMask = 2147483647;
			files = (
				AC458679297173690014A3E5 /* MyHabitAppUITests.swift in Sources */,
				AC45867B297173690014A3E5 /* MyHabitAppUITestsLaunchTests.swift in Sources */,
			);
			runOnlyForDeploymentPostprocessing = 0;
		};
/* End PBXSourcesBuildPhase section */

/* Begin PBXTargetDependency section */
		AC45866C297173690014A3E5 /* PBXTargetDependency */ = {
			isa = PBXTargetDependency;
			target = AC458654297173670014A3E5 /* MyHabitApp */;
			targetProxy = AC45866B297173690014A3E5 /* PBXContainerItemProxy */;
		};
		AC458676297173690014A3E5 /* PBXTargetDependency */ = {
			isa = PBXTargetDependency;
			target = AC458654297173670014A3E5 /* MyHabitApp */;
			targetProxy = AC458675297173690014A3E5 /* PBXContainerItemProxy */;
		};
/* End PBXTargetDependency section */

/* Begin XCBuildConfiguration section */
		AC45867C297173690014A3E5 /* Debug */ = {
			isa = XCBuildConfiguration;
			buildSettings = {
				ALWAYS_SEARCH_USER_PATHS = NO;
				CLANG_ANALYZER_NONNULL = YES;
				CLANG_ANALYZER_NUMBER_OBJECT_CONVERSION = YES_AGGRESSIVE;
				CLANG_CXX_LANGUAGE_STANDARD = "gnu++20";
				CLANG_ENABLE_MODULES = YES;
				CLANG_ENABLE_OBJC_ARC = YES;
				CLANG_ENABLE_OBJC_WEAK = YES;
				CLANG_WARN_BLOCK_CAPTURE_AUTORELEASING = YES;
				CLANG_WARN_BOOL_CONVERSION = YES;
				CLANG_WARN_COMMA = YES;
				CLANG_WARN_CONSTANT_CONVERSION = YES;
				CLANG_WARN_DEPRECATED_OBJC_IMPLEMENTATIONS = YES;
				CLANG_WARN_DIRECT_OBJC_ISA_USAGE = YES_ERROR;
				CLANG_WARN_DOCUMENTATION_COMMENTS = YES;
				CLANG_WARN_EMPTY_BODY = YES;
				CLANG_WARN_ENUM_CONVERSION = YES;
				CLANG_WARN_INFINITE_RECURSION = YES;
				CLANG_WARN_INT_CONVERSION = YES;
				CLANG_WARN_NON_LITERAL_NULL_CONVERSION = YES;
				CLANG_WARN_OBJC_IMPLICIT_RETAIN_SELF = YES;
				CLANG_WARN_OBJC_LITERAL_CONVERSION = YES;
				CLANG_WARN_OBJC_ROOT_CLASS = YES_ERROR;
				CLANG_WARN_QUOTED_INCLUDE_IN_FRAMEWORK_HEADER = YES;
				CLANG_WARN_RANGE_LOOP_ANALYSIS = YES;
				CLANG_WARN_STRICT_PROTOTYPES = YES;
				CLANG_WARN_SUSPICIOUS_MOVE = YES;
				CLANG_WARN_UNGUARDED_AVAILABILITY = YES_AGGRESSIVE;
				CLANG_WARN_UNREACHABLE_CODE = YES;
				CLANG_WARN__DUPLICATE_METHOD_MATCH = YES;
				COPY_PHASE_STRIP = NO;
				DEBUG_INFORMATION_FORMAT = dwarf;
				ENABLE_STRICT_OBJC_MSGSEND = YES;
				ENABLE_TESTABILITY = YES;
				GCC_C_LANGUAGE_STANDARD = gnu11;
				GCC_DYNAMIC_NO_PIC = NO;
				GCC_NO_COMMON_BLOCKS = YES;
				GCC_OPTIMIZATION_LEVEL = 0;
				GCC_PREPROCESSOR_DEFINITIONS = (
					"DEBUG=1",
					"$(inherited)",
				);
				GCC_WARN_64_TO_32_BIT_CONVERSION = YES;
				GCC_WARN_ABOUT_RETURN_TYPE = YES_ERROR;
				GCC_WARN_UNDECLARED_SELECTOR = YES;
				GCC_WARN_UNINITIALIZED_AUTOS = YES_AGGRESSIVE;
				GCC_WARN_UNUSED_FUNCTION = YES;
				GCC_WARN_UNUSED_VARIABLE = YES;
				IPHONEOS_DEPLOYMENT_TARGET = 16.1;
				MTL_ENABLE_DEBUG_INFO = INCLUDE_SOURCE;
				MTL_FAST_MATH = YES;
				ONLY_ACTIVE_ARCH = YES;
				SDKROOT = iphoneos;
				SWIFT_ACTIVE_COMPILATION_CONDITIONS = DEBUG;
				SWIFT_OPTIMIZATION_LEVEL = "-Onone";
			};
			name = Debug;
		};
		AC45867D297173690014A3E5 /* Release */ = {
			isa = XCBuildConfiguration;
			buildSettings = {
				ALWAYS_SEARCH_USER_PATHS = NO;
				CLANG_ANALYZER_NONNULL = YES;
				CLANG_ANALYZER_NUMBER_OBJECT_CONVERSION = YES_AGGRESSIVE;
				CLANG_CXX_LANGUAGE_STANDARD = "gnu++20";
				CLANG_ENABLE_MODULES = YES;
				CLANG_ENABLE_OBJC_ARC = YES;
				CLANG_ENABLE_OBJC_WEAK = YES;
				CLANG_WARN_BLOCK_CAPTURE_AUTORELEASING = YES;
				CLANG_WARN_BOOL_CONVERSION = YES;
				CLANG_WARN_COMMA = YES;
				CLANG_WARN_CONSTANT_CONVERSION = YES;
				CLANG_WARN_DEPRECATED_OBJC_IMPLEMENTATIONS = YES;
				CLANG_WARN_DIRECT_OBJC_ISA_USAGE = YES_ERROR;
				CLANG_WARN_DOCUMENTATION_COMMENTS = YES;
				CLANG_WARN_EMPTY_BODY = YES;
				CLANG_WARN_ENUM_CONVERSION = YES;
				CLANG_WARN_INFINITE_RECURSION = YES;
				CLANG_WARN_INT_CONVERSION = YES;
				CLANG_WARN_NON_LITERAL_NULL_CONVERSION = YES;
				CLANG_WARN_OBJC_IMPLICIT_RETAIN_SELF = YES;
				CLANG_WARN_OBJC_LITERAL_CONVERSION = YES;
				CLANG_WARN_OBJC_ROOT_CLASS = YES_ERROR;
				CLANG_WARN_QUOTED_INCLUDE_IN_FRAMEWORK_HEADER = YES;
				CLANG_WARN_RANGE_LOOP_ANALYSIS = YES;
				CLANG_WARN_STRICT_PROTOTYPES = YES;
				CLANG_WARN_SUSPICIOUS_MOVE = YES;
				CLANG_WARN_UNGUARDED_AVAILABILITY = YES_AGGRESSIVE;
				CLANG_WARN_UNREACHABLE_CODE = YES;
				CLANG_WARN__DUPLICATE_METHOD_MATCH = YES;
				COPY_PHASE_STRIP = NO;
				DEBUG_INFORMATION_FORMAT = "dwarf-with-dsym";
				ENABLE_NS_ASSERTIONS = NO;
				ENABLE_STRICT_OBJC_MSGSEND = YES;
				GCC_C_LANGUAGE_STANDARD = gnu11;
				GCC_NO_COMMON_BLOCKS = YES;
				GCC_WARN_64_TO_32_BIT_CONVERSION = YES;
				GCC_WARN_ABOUT_RETURN_TYPE = YES_ERROR;
				GCC_WARN_UNDECLARED_SELECTOR = YES;
				GCC_WARN_UNINITIALIZED_AUTOS = YES_AGGRESSIVE;
				GCC_WARN_UNUSED_FUNCTION = YES;
				GCC_WARN_UNUSED_VARIABLE = YES;
				IPHONEOS_DEPLOYMENT_TARGET = 16.1;
				MTL_ENABLE_DEBUG_INFO = NO;
				MTL_FAST_MATH = YES;
				SDKROOT = iphoneos;
				SWIFT_COMPILATION_MODE = wholemodule;
				SWIFT_OPTIMIZATION_LEVEL = "-O";
				VALIDATE_PRODUCT = YES;
			};
			name = Release;
		};
		AC45867F297173690014A3E5 /* Debug */ = {
			isa = XCBuildConfiguration;
			buildSettings = {
				ASSETCATALOG_COMPILER_APPICON_NAME = AppIcon;
				ASSETCATALOG_COMPILER_GLOBAL_ACCENT_COLOR_NAME = AccentColor;
				CODE_SIGN_STYLE = Automatic;
				CURRENT_PROJECT_VERSION = 1;
				DEVELOPMENT_ASSET_PATHS = "\"MyHabitApp/Preview Content\"";
				DEVELOPMENT_TEAM = LU893QGJWJ;
				ENABLE_PREVIEWS = YES;
				GENERATE_INFOPLIST_FILE = YES;
				INFOPLIST_KEY_UIApplicationSceneManifest_Generation = YES;
				INFOPLIST_KEY_UIApplicationSupportsIndirectInputEvents = YES;
				INFOPLIST_KEY_UILaunchScreen_Generation = YES;
				INFOPLIST_KEY_UISupportedInterfaceOrientations_iPad = "UIInterfaceOrientationPortrait UIInterfaceOrientationPortraitUpsideDown UIInterfaceOrientationLandscapeLeft UIInterfaceOrientationLandscapeRight";
				INFOPLIST_KEY_UISupportedInterfaceOrientations_iPhone = "UIInterfaceOrientationPortrait UIInterfaceOrientationLandscapeLeft UIInterfaceOrientationLandscapeRight";
				LD_RUNPATH_SEARCH_PATHS = (
					"$(inherited)",
					"@executable_path/Frameworks",
				);
				MARKETING_VERSION = 1.0;
				PRODUCT_BUNDLE_IDENTIFIER = Bhumika.MyHabitApp;
				PRODUCT_NAME = "$(TARGET_NAME)";
				SWIFT_EMIT_LOC_STRINGS = YES;
				SWIFT_VERSION = 5.0;
				TARGETED_DEVICE_FAMILY = "1,2";
			};
			name = Debug;
		};
		AC458680297173690014A3E5 /* Release */ = {
			isa = XCBuildConfiguration;
			buildSettings = {
				ASSETCATALOG_COMPILER_APPICON_NAME = AppIcon;
				ASSETCATALOG_COMPILER_GLOBAL_ACCENT_COLOR_NAME = AccentColor;
				CODE_SIGN_STYLE = Automatic;
				CURRENT_PROJECT_VERSION = 1;
				DEVELOPMENT_ASSET_PATHS = "\"MyHabitApp/Preview Content\"";
				DEVELOPMENT_TEAM = LU893QGJWJ;
				ENABLE_PREVIEWS = YES;
				GENERATE_INFOPLIST_FILE = YES;
				INFOPLIST_KEY_UIApplicationSceneManifest_Generation = YES;
				INFOPLIST_KEY_UIApplicationSupportsIndirectInputEvents = YES;
				INFOPLIST_KEY_UILaunchScreen_Generation = YES;
				INFOPLIST_KEY_UISupportedInterfaceOrientations_iPad = "UIInterfaceOrientationPortrait UIInterfaceOrientationPortraitUpsideDown UIInterfaceOrientationLandscapeLeft UIInterfaceOrientationLandscapeRight";
				INFOPLIST_KEY_UISupportedInterfaceOrientations_iPhone = "UIInterfaceOrientationPortrait UIInterfaceOrientationLandscapeLeft UIInterfaceOrientationLandscapeRight";
				LD_RUNPATH_SEARCH_PATHS = (
					"$(inherited)",
					"@executable_path/Frameworks",
				);
				MARKETING_VERSION = 1.0;
				PRODUCT_BUNDLE_IDENTIFIER = Bhumika.MyHabitApp;
				PRODUCT_NAME = "$(TARGET_NAME)";
				SWIFT_EMIT_LOC_STRINGS = YES;
				SWIFT_VERSION = 5.0;
				TARGETED_DEVICE_FAMILY = "1,2";
			};
			name = Release;
		};
		AC458682297173690014A3E5 /* Debug */ = {
			isa = XCBuildConfiguration;
			buildSettings = {
				ALWAYS_EMBED_SWIFT_STANDARD_LIBRARIES = YES;
				BUNDLE_LOADER = "$(TEST_HOST)";
				CODE_SIGN_STYLE = Automatic;
				CURRENT_PROJECT_VERSION = 1;
				DEVELOPMENT_TEAM = LU893QGJWJ;
				GENERATE_INFOPLIST_FILE = YES;
				IPHONEOS_DEPLOYMENT_TARGET = 16.1;
				MARKETING_VERSION = 1.0;
				PRODUCT_BUNDLE_IDENTIFIER = Bhumika.MyHabitAppTests;
				PRODUCT_NAME = "$(TARGET_NAME)";
				SWIFT_EMIT_LOC_STRINGS = NO;
				SWIFT_VERSION = 5.0;
				TARGETED_DEVICE_FAMILY = "1,2";
				TEST_HOST = "$(BUILT_PRODUCTS_DIR)/MyHabitApp.app/$(BUNDLE_EXECUTABLE_FOLDER_PATH)/MyHabitApp";
			};
			name = Debug;
		};
		AC458683297173690014A3E5 /* Release */ = {
			isa = XCBuildConfiguration;
			buildSettings = {
				ALWAYS_EMBED_SWIFT_STANDARD_LIBRARIES = YES;
				BUNDLE_LOADER = "$(TEST_HOST)";
				CODE_SIGN_STYLE = Automatic;
				CURRENT_PROJECT_VERSION = 1;
				DEVELOPMENT_TEAM = LU893QGJWJ;
				GENERATE_INFOPLIST_FILE = YES;
				IPHONEOS_DEPLOYMENT_TARGET = 16.1;
				MARKETING_VERSION = 1.0;
				PRODUCT_BUNDLE_IDENTIFIER = Bhumika.MyHabitAppTests;
				PRODUCT_NAME = "$(TARGET_NAME)";
				SWIFT_EMIT_LOC_STRINGS = NO;
				SWIFT_VERSION = 5.0;
				TARGETED_DEVICE_FAMILY = "1,2";
				TEST_HOST = "$(BUILT_PRODUCTS_DIR)/MyHabitApp.app/$(BUNDLE_EXECUTABLE_FOLDER_PATH)/MyHabitApp";
			};
			name = Release;
		};
		AC458685297173690014A3E5 /* Debug */ = {
			isa = XCBuildConfiguration;
			buildSettings = {
				ALWAYS_EMBED_SWIFT_STANDARD_LIBRARIES = YES;
				CODE_SIGN_STYLE = Automatic;
				CURRENT_PROJECT_VERSION = 1;
				DEVELOPMENT_TEAM = LU893QGJWJ;
				GENERATE_INFOPLIST_FILE = YES;
				MARKETING_VERSION = 1.0;
				PRODUCT_BUNDLE_IDENTIFIER = Bhumika.MyHabitAppUITests;
				PRODUCT_NAME = "$(TARGET_NAME)";
				SWIFT_EMIT_LOC_STRINGS = NO;
				SWIFT_VERSION = 5.0;
				TARGETED_DEVICE_FAMILY = "1,2";
				TEST_TARGET_NAME = MyHabitApp;
			};
			name = Debug;
		};
		AC458686297173690014A3E5 /* Release */ = {
			isa = XCBuildConfiguration;
			buildSettings = {
				ALWAYS_EMBED_SWIFT_STANDARD_LIBRARIES = YES;
				CODE_SIGN_STYLE = Automatic;
				CURRENT_PROJECT_VERSION = 1;
				DEVELOPMENT_TEAM = LU893QGJWJ;
				GENERATE_INFOPLIST_FILE = YES;
				MARKETING_VERSION = 1.0;
				PRODUCT_BUNDLE_IDENTIFIER = Bhumika.MyHabitAppUITests;
				PRODUCT_NAME = "$(TARGET_NAME)";
				SWIFT_EMIT_LOC_STRINGS = NO;
				SWIFT_VERSION = 5.0;
				TARGETED_DEVICE_FAMILY = "1,2";
				TEST_TARGET_NAME = MyHabitApp;
			};
			name = Release;
		};
/* End XCBuildConfiguration section */

/* Begin XCConfigurationList section */
		AC458650297173670014A3E5 /* Build configuration list for PBXProject "MyHabitApp" */ = {
			isa = XCConfigurationList;
			buildConfigurations = (
				AC45867C297173690014A3E5 /* Debug */,
				AC45867D297173690014A3E5 /* Release */,
			);
			defaultConfigurationIsVisible = 0;
			defaultConfigurationName = Release;
		};
		AC45867E297173690014A3E5 /* Build configuration list for PBXNativeTarget "MyHabitApp" */ = {
			isa = XCConfigurationList;
			buildConfigurations = (
				AC45867F297173690014A3E5 /* Debug */,
				AC458680297173690014A3E5 /* Release */,
			);
			defaultConfigurationIsVisible = 0;
			defaultConfigurationName = Release;
		};
		AC458681297173690014A3E5 /* Build configuration list for PBXNativeTarget "MyHabitAppTests" */ = {
			isa = XCConfigurationList;
			buildConfigurations = (
				AC458682297173690014A3E5 /* Debug */,
				AC458683297173690014A3E5 /* Release */,
			);
			defaultConfigurationIsVisible = 0;
			defaultConfigurationName = Release;
		};
		AC458684297173690014A3E5 /* Build configuration list for PBXNativeTarget "MyHabitAppUITests" */ = {
			isa = XCConfigurationList;
			buildConfigurations = (
				AC458685297173690014A3E5 /* Debug */,
				AC458686297173690014A3E5 /* Release */,
			);
			defaultConfigurationIsVisible = 0;
			defaultConfigurationName = Release;
		};
/* End XCConfigurationList section */

/* Begin XCVersionGroup section */
		AC458663297173690014A3E5 /* MyHabitApp.xcdatamodeld */ = {
			isa = XCVersionGroup;
			children = (
				AC458664297173690014A3E5 /* MyHabitApp.xcdatamodel */,
			);
			currentVersion = AC458664297173690014A3E5 /* MyHabitApp.xcdatamodel */;
			path = MyHabitApp.xcdatamodeld;
			sourceTree = "<group>";
			versionGroupType = wrapper.xcdatamodel;
		};
/* End XCVersionGroup section */
	};
	rootObject = AC45864D297173670014A3E5 /* Project object */;
}
